// !$*UTF8*$!
{
	archiveVersion = 1;
	classes = {
	};
	objectVersion = 56;
	objects = {

/* Begin PBXBuildFile section */
		8C907D812AFE921300D9F9BC /* SalesmenModelFramework.docc in Sources */ = {isa = PBXBuildFile; fileRef = 8C907D802AFE921300D9F9BC /* SalesmenModelFramework.docc */; };
		8C907D872AFE921400D9F9BC /* SalesmenModelFramework.framework in Frameworks */ = {isa = PBXBuildFile; fileRef = 8C907D7C2AFE921300D9F9BC /* SalesmenModelFramework.framework */; };
		8C907D8C2AFE921400D9F9BC /* SalesmenModelFrameworkTests.swift in Sources */ = {isa = PBXBuildFile; fileRef = 8C907D8B2AFE921400D9F9BC /* SalesmenModelFrameworkTests.swift */; };
		8C907D8D2AFE921400D9F9BC /* SalesmenModelFramework.h in Headers */ = {isa = PBXBuildFile; fileRef = 8C907D7F2AFE921300D9F9BC /* SalesmenModelFramework.h */; settings = {ATTRIBUTES = (Public, ); }; };
/* End PBXBuildFile section */

/* Begin PBXContainerItemProxy section */
		8C907D882AFE921400D9F9BC /* PBXContainerItemProxy */ = {
			isa = PBXContainerItemProxy;
			containerPortal = 8C907D732AFE921300D9F9BC /* Project object */;
			proxyType = 1;
			remoteGlobalIDString = 8C907D7B2AFE921300D9F9BC;
			remoteInfo = SalesmenModelFramework;
		};
/* End PBXContainerItemProxy section */

/* Begin PBXFileReference section */
		8C907D7C2AFE921300D9F9BC /* SalesmenModelFramework.framework */ = {isa = PBXFileReference; explicitFileType = wrapper.framework; includeInIndex = 0; path = SalesmenModelFramework.framework; sourceTree = BUILT_PRODUCTS_DIR; };
		8C907D7F2AFE921300D9F9BC /* SalesmenModelFramework.h */ = {isa = PBXFileReference; lastKnownFileType = sourcecode.c.h; path = SalesmenModelFramework.h; sourceTree = "<group>"; };
		8C907D802AFE921300D9F9BC /* SalesmenModelFramework.docc */ = {isa = PBXFileReference; lastKnownFileType = folder.documentationcatalog; path = SalesmenModelFramework.docc; sourceTree = "<group>"; };
		8C907D862AFE921400D9F9BC /* SalesmenModelFrameworkTests.xctest */ = {isa = PBXFileReference; explicitFileType = wrapper.cfbundle; includeInIndex = 0; path = SalesmenModelFrameworkTests.xctest; sourceTree = BUILT_PRODUCTS_DIR; };
		8C907D8B2AFE921400D9F9BC /* SalesmenModelFrameworkTests.swift */ = {isa = PBXFileReference; lastKnownFileType = sourcecode.swift; path = SalesmenModelFrameworkTests.swift; sourceTree = "<group>"; };
/* End PBXFileReference section */

/* Begin PBXFrameworksBuildPhase section */
		8C907D792AFE921300D9F9BC /* Frameworks */ = {
			isa = PBXFrameworksBuildPhase;
			buildActionMask = 2147483647;
			files = (
			);
			runOnlyForDeploymentPostprocessing = 0;
		};
		8C907D832AFE921400D9F9BC /* Frameworks */ = {
			isa = PBXFrameworksBuildPhase;
			buildActionMask = 2147483647;
			files = (
				8C907D872AFE921400D9F9BC /* SalesmenModelFramework.framework in Frameworks */,
			);
			runOnlyForDeploymentPostprocessing = 0;
		};
/* End PBXFrameworksBuildPhase section */

/* Begin PBXGroup section */
		8C907D722AFE921300D9F9BC = {
			isa = PBXGroup;
			children = (
				8C907D7E2AFE921300D9F9BC /* SalesmenModelFramework */,
				8C907D8A2AFE921400D9F9BC /* SalesmenModelFrameworkTests */,
				8C907D7D2AFE921300D9F9BC /* Products */,
			);
			sourceTree = "<group>";
		};
		8C907D7D2AFE921300D9F9BC /* Products */ = {
			isa = PBXGroup;
			children = (
				8C907D7C2AFE921300D9F9BC /* SalesmenModelFramework.framework */,
				8C907D862AFE921400D9F9BC /* SalesmenModelFrameworkTests.xctest */,
			);
			name = Products;
			sourceTree = "<group>";
		};
		8C907D7E2AFE921300D9F9BC /* SalesmenModelFramework */ = {
			isa = PBXGroup;
			children = (
				8C907D7F2AFE921300D9F9BC /* SalesmenModelFramework.h */,
				8C907D802AFE921300D9F9BC /* SalesmenModelFramework.docc */,
			);
			path = SalesmenModelFramework;
			sourceTree = "<group>";
		};
		8C907D8A2AFE921400D9F9BC /* SalesmenModelFrameworkTests */ = {
			isa = PBXGroup;
			children = (
				8C907D8B2AFE921400D9F9BC /* SalesmenModelFrameworkTests.swift */,
			);
			path = SalesmenModelFrameworkTests;
			sourceTree = "<group>";
		};
/* End PBXGroup section */

/* Begin PBXHeadersBuildPhase section */
		8C907D772AFE921300D9F9BC /* Headers */ = {
			isa = PBXHeadersBuildPhase;
			buildActionMask = 2147483647;
			files = (
				8C907D8D2AFE921400D9F9BC /* SalesmenModelFramework.h in Headers */,
			);
			runOnlyForDeploymentPostprocessing = 0;
		};
/* End PBXHeadersBuildPhase section */

/* Begin PBXNativeTarget section */
		8C907D7B2AFE921300D9F9BC /* SalesmenModelFramework */ = {
			isa = PBXNativeTarget;
			buildConfigurationList = 8C907D902AFE921400D9F9BC /* Build configuration list for PBXNativeTarget "SalesmenModelFramework" */;
			buildPhases = (
				8C907D772AFE921300D9F9BC /* Headers */,
				8C907D782AFE921300D9F9BC /* Sources */,
				8C907D792AFE921300D9F9BC /* Frameworks */,
				8C907D7A2AFE921300D9F9BC /* Resources */,
			);
			buildRules = (
			);
			dependencies = (
			);
			name = SalesmenModelFramework;
			productName = SalesmenModelFramework;
			productReference = 8C907D7C2AFE921300D9F9BC /* SalesmenModelFramework.framework */;
			productType = "com.apple.product-type.framework";
		};
		8C907D852AFE921400D9F9BC /* SalesmenModelFrameworkTests */ = {
			isa = PBXNativeTarget;
			buildConfigurationList = 8C907D932AFE921400D9F9BC /* Build configuration list for PBXNativeTarget "SalesmenModelFrameworkTests" */;
			buildPhases = (
				8C907D822AFE921400D9F9BC /* Sources */,
				8C907D832AFE921400D9F9BC /* Frameworks */,
				8C907D842AFE921400D9F9BC /* Resources */,
			);
			buildRules = (
			);
			dependencies = (
				8C907D892AFE921400D9F9BC /* PBXTargetDependency */,
			);
			name = SalesmenModelFrameworkTests;
			productName = SalesmenModelFrameworkTests;
			productReference = 8C907D862AFE921400D9F9BC /* SalesmenModelFrameworkTests.xctest */;
			productType = "com.apple.product-type.bundle.unit-test";
		};
/* End PBXNativeTarget section */

/* Begin PBXProject section */
		8C907D732AFE921300D9F9BC /* Project object */ = {
			isa = PBXProject;
			attributes = {
				BuildIndependentTargetsInParallel = 1;
				LastSwiftUpdateCheck = 1500;
				LastUpgradeCheck = 1500;
				TargetAttributes = {
					8C907D7B2AFE921300D9F9BC = {
						CreatedOnToolsVersion = 15.0;
					};
					8C907D852AFE921400D9F9BC = {
						CreatedOnToolsVersion = 15.0;
					};
				};
			};
			buildConfigurationList = 8C907D762AFE921300D9F9BC /* Build configuration list for PBXProject "SalesmenModelFramework" */;
			compatibilityVersion = "Xcode 14.0";
			developmentRegion = en;
			hasScannedForEncodings = 0;
			knownRegions = (
				en,
				Base,
			);
			mainGroup = 8C907D722AFE921300D9F9BC;
			productRefGroup = 8C907D7D2AFE921300D9F9BC /* Products */;
			projectDirPath = "";
			projectRoot = "";
			targets = (
				8C907D7B2AFE921300D9F9BC /* SalesmenModelFramework */,
				8C907D852AFE921400D9F9BC /* SalesmenModelFrameworkTests */,
			);
		};
/* End PBXProject section */

/* Begin PBXResourcesBuildPhase section */
		8C907D7A2AFE921300D9F9BC /* Resources */ = {
			isa = PBXResourcesBuildPhase;
			buildActionMask = 2147483647;
			files = (
			);
			runOnlyForDeploymentPostprocessing = 0;
		};
		8C907D842AFE921400D9F9BC /* Resources */ = {
			isa = PBXResourcesBuildPhase;
			buildActionMask = 2147483647;
			files = (
			);
			runOnlyForDeploymentPostprocessing = 0;
		};
/* End PBXResourcesBuildPhase section */

/* Begin PBXSourcesBuildPhase section */
		8C907D782AFE921300D9F9BC /* Sources */ = {
			isa = PBXSourcesBuildPhase;
			buildActionMask = 2147483647;
			files = (
				8C907D812AFE921300D9F9BC /* SalesmenModelFramework.docc in Sources */,
			);
			runOnlyForDeploymentPostprocessing = 0;
		};
		8C907D822AFE921400D9F9BC /* Sources */ = {
			isa = PBXSourcesBuildPhase;
			buildActionMask = 2147483647;
			files = (
				8C907D8C2AFE921400D9F9BC /* SalesmenModelFrameworkTests.swift in Sources */,
			);
			runOnlyForDeploymentPostprocessing = 0;
		};
/* End PBXSourcesBuildPhase section */

/* Begin PBXTargetDependency section */
		8C907D892AFE921400D9F9BC /* PBXTargetDependency */ = {
			isa = PBXTargetDependency;
			target = 8C907D7B2AFE921300D9F9BC /* SalesmenModelFramework */;
			targetProxy = 8C907D882AFE921400D9F9BC /* PBXContainerItemProxy */;
		};
/* End PBXTargetDependency section */

/* Begin XCBuildConfiguration section */
		8C907D8E2AFE921400D9F9BC /* Debug */ = {
			isa = XCBuildConfiguration;
			buildSettings = {
				ALWAYS_SEARCH_USER_PATHS = NO;
				ASSETCATALOG_COMPILER_GENERATE_SWIFT_ASSET_SYMBOL_EXTENSIONS = YES;
				CLANG_ANALYZER_NONNULL = YES;
				CLANG_ANALYZER_NUMBER_OBJECT_CONVERSION = YES_AGGRESSIVE;
				CLANG_CXX_LANGUAGE_STANDARD = "gnu++20";
				CLANG_ENABLE_MODULES = YES;
				CLANG_ENABLE_OBJC_ARC = YES;
				CLANG_ENABLE_OBJC_WEAK = YES;
				CLANG_WARN_BLOCK_CAPTURE_AUTORELEASING = YES;
				CLANG_WARN_BOOL_CONVERSION = YES;
				CLANG_WARN_COMMA = YES;
				CLANG_WARN_CONSTANT_CONVERSION = YES;
				CLANG_WARN_DEPRECATED_OBJC_IMPLEMENTATIONS = YES;
				CLANG_WARN_DIRECT_OBJC_ISA_USAGE = YES_ERROR;
				CLANG_WARN_DOCUMENTATION_COMMENTS = YES;
				CLANG_WARN_EMPTY_BODY = YES;
				CLANG_WARN_ENUM_CONVERSION = YES;
				CLANG_WARN_INFINITE_RECURSION = YES;
				CLANG_WARN_INT_CONVERSION = YES;
				CLANG_WARN_NON_LITERAL_NULL_CONVERSION = YES;
				CLANG_WARN_OBJC_IMPLICIT_RETAIN_SELF = YES;
				CLANG_WARN_OBJC_LITERAL_CONVERSION = YES;
				CLANG_WARN_OBJC_ROOT_CLASS = YES_ERROR;
				CLANG_WARN_QUOTED_INCLUDE_IN_FRAMEWORK_HEADER = YES;
				CLANG_WARN_RANGE_LOOP_ANALYSIS = YES;
				CLANG_WARN_STRICT_PROTOTYPES = YES;
				CLANG_WARN_SUSPICIOUS_MOVE = YES;
				CLANG_WARN_UNGUARDED_AVAILABILITY = YES_AGGRESSIVE;
				CLANG_WARN_UNREACHABLE_CODE = YES;
				CLANG_WARN__DUPLICATE_METHOD_MATCH = YES;
				COPY_PHASE_STRIP = NO;
				CURRENT_PROJECT_VERSION = 1;
				DEBUG_INFORMATION_FORMAT = dwarf;
				ENABLE_STRICT_OBJC_MSGSEND = YES;
				ENABLE_TESTABILITY = YES;
				ENABLE_USER_SCRIPT_SANDBOXING = YES;
				GCC_C_LANGUAGE_STANDARD = gnu17;
				GCC_DYNAMIC_NO_PIC = NO;
				GCC_NO_COMMON_BLOCKS = YES;
				GCC_OPTIMIZATION_LEVEL = 0;
				GCC_PREPROCESSOR_DEFINITIONS = (
					"DEBUG=1",
					"$(inherited)",
				);
				GCC_WARN_64_TO_32_BIT_CONVERSION = YES;
				GCC_WARN_ABOUT_RETURN_TYPE = YES_ERROR;
				GCC_WARN_UNDECLARED_SELECTOR = YES;
				GCC_WARN_UNINITIALIZED_AUTOS = YES_AGGRESSIVE;
				GCC_WARN_UNUSED_FUNCTION = YES;
				GCC_WARN_UNUSED_VARIABLE = YES;
				LOCALIZATION_PREFERS_STRING_CATALOGS = YES;
				MACOSX_DEPLOYMENT_TARGET = 14.0;
				MTL_ENABLE_DEBUG_INFO = INCLUDE_SOURCE;
				MTL_FAST_MATH = YES;
				ONLY_ACTIVE_ARCH = YES;
				SDKROOT = macosx;
				SWIFT_ACTIVE_COMPILATION_CONDITIONS = "DEBUG $(inherited)";
				SWIFT_OPTIMIZATION_LEVEL = "-Onone";
				VERSIONING_SYSTEM = "apple-generic";
				VERSION_INFO_PREFIX = "";
			};
			name = Debug;
		};
		8C907D8F2AFE921400D9F9BC /* Release */ = {
			isa = XCBuildConfiguration;
			buildSettings = {
				ALWAYS_SEARCH_USER_PATHS = NO;
				ASSETCATALOG_COMPILER_GENERATE_SWIFT_ASSET_SYMBOL_EXTENSIONS = YES;
				CLANG_ANALYZER_NONNULL = YES;
				CLANG_ANALYZER_NUMBER_OBJECT_CONVERSION = YES_AGGRESSIVE;
				CLANG_CXX_LANGUAGE_STANDARD = "gnu++20";
				CLANG_ENABLE_MODULES = YES;
				CLANG_ENABLE_OBJC_ARC = YES;
				CLANG_ENABLE_OBJC_WEAK = YES;
				CLANG_WARN_BLOCK_CAPTURE_AUTORELEASING = YES;
				CLANG_WARN_BOOL_CONVERSION = YES;
				CLANG_WARN_COMMA = YES;
				CLANG_WARN_CONSTANT_CONVERSION = YES;
				CLANG_WARN_DEPRECATED_OBJC_IMPLEMENTATIONS = YES;
				CLANG_WARN_DIRECT_OBJC_ISA_USAGE = YES_ERROR;
				CLANG_WARN_DOCUMENTATION_COMMENTS = YES;
				CLANG_WARN_EMPTY_BODY = YES;
				CLANG_WARN_ENUM_CONVERSION = YES;
				CLANG_WARN_INFINITE_RECURSION = YES;
				CLANG_WARN_INT_CONVERSION = YES;
				CLANG_WARN_NON_LITERAL_NULL_CONVERSION = YES;
				CLANG_WARN_OBJC_IMPLICIT_RETAIN_SELF = YES;
				CLANG_WARN_OBJC_LITERAL_CONVERSION = YES;
				CLANG_WARN_OBJC_ROOT_CLASS = YES_ERROR;
				CLANG_WARN_QUOTED_INCLUDE_IN_FRAMEWORK_HEADER = YES;
				CLANG_WARN_RANGE_LOOP_ANALYSIS = YES;
				CLANG_WARN_STRICT_PROTOTYPES = YES;
				CLANG_WARN_SUSPICIOUS_MOVE = YES;
				CLANG_WARN_UNGUARDED_AVAILABILITY = YES_AGGRESSIVE;
				CLANG_WARN_UNREACHABLE_CODE = YES;
				CLANG_WARN__DUPLICATE_METHOD_MATCH = YES;
				COPY_PHASE_STRIP = NO;
				CURRENT_PROJECT_VERSION = 1;
				DEBUG_INFORMATION_FORMAT = "dwarf-with-dsym";
				ENABLE_NS_ASSERTIONS = NO;
				ENABLE_STRICT_OBJC_MSGSEND = YES;
				ENABLE_USER_SCRIPT_SANDBOXING = YES;
				GCC_C_LANGUAGE_STANDARD = gnu17;
				GCC_NO_COMMON_BLOCKS = YES;
				GCC_WARN_64_TO_32_BIT_CONVERSION = YES;
				GCC_WARN_ABOUT_RETURN_TYPE = YES_ERROR;
				GCC_WARN_UNDECLARED_SELECTOR = YES;
				GCC_WARN_UNINITIALIZED_AUTOS = YES_AGGRESSIVE;
				GCC_WARN_UNUSED_FUNCTION = YES;
				GCC_WARN_UNUSED_VARIABLE = YES;
				LOCALIZATION_PREFERS_STRING_CATALOGS = YES;
				MACOSX_DEPLOYMENT_TARGET = 14.0;
				MTL_ENABLE_DEBUG_INFO = NO;
				MTL_FAST_MATH = YES;
				SDKROOT = macosx;
				SWIFT_COMPILATION_MODE = wholemodule;
				VERSIONING_SYSTEM = "apple-generic";
				VERSION_INFO_PREFIX = "";
			};
			name = Release;
		};
		8C907D912AFE921400D9F9BC /* Debug */ = {
			isa = XCBuildConfiguration;
			buildSettings = {
				CODE_SIGN_STYLE = Automatic;
				COMBINE_HIDPI_IMAGES = YES;
				CURRENT_PROJECT_VERSION = 1;
				DEFINES_MODULE = YES;
				DEVELOPMENT_TEAM = HH3JD7K438;
				DYLIB_COMPATIBILITY_VERSION = 1;
				DYLIB_CURRENT_VERSION = 1;
				DYLIB_INSTALL_NAME_BASE = "@rpath";
				ENABLE_MODULE_VERIFIER = YES;
				GENERATE_INFOPLIST_FILE = YES;
				INFOPLIST_KEY_NSHumanReadableCopyright = "";
				INSTALL_PATH = "$(LOCAL_LIBRARY_DIR)/Frameworks";
				LD_RUNPATH_SEARCH_PATHS = (
					"$(inherited)",
					"@executable_path/../Frameworks",
					"@loader_path/Frameworks",
				);
				MARKETING_VERSION = 1.0;
				MODULE_VERIFIER_SUPPORTED_LANGUAGES = "objective-c objective-c++";
				MODULE_VERIFIER_SUPPORTED_LANGUAGE_STANDARDS = "gnu17 gnu++20";
				PRODUCT_BUNDLE_IDENTIFIER = com.essentialdeveloper.SalesmenModelFramework;
				PRODUCT_NAME = "$(TARGET_NAME:c99extidentifier)";
				SKIP_INSTALL = YES;
				SWIFT_EMIT_LOC_STRINGS = YES;
				SWIFT_VERSION = 5.0;
			};
			name = Debug;
		};
		8C907D922AFE921400D9F9BC /* Release */ = {
			isa = XCBuildConfiguration;
			buildSettings = {
				CODE_SIGN_STYLE = Automatic;
				COMBINE_HIDPI_IMAGES = YES;
				CURRENT_PROJECT_VERSION = 1;
				DEFINES_MODULE = YES;
				DEVELOPMENT_TEAM = HH3JD7K438;
				DYLIB_COMPATIBILITY_VERSION = 1;
				DYLIB_CURRENT_VERSION = 1;
				DYLIB_INSTALL_NAME_BASE = "@rpath";
				ENABLE_MODULE_VERIFIER = YES;
				GENERATE_INFOPLIST_FILE = YES;
				INFOPLIST_KEY_NSHumanReadableCopyright = "";
				INSTALL_PATH = "$(LOCAL_LIBRARY_DIR)/Frameworks";
				LD_RUNPATH_SEARCH_PATHS = (
					"$(inherited)",
					"@executable_path/../Frameworks",
					"@loader_path/Frameworks",
				);
				MARKETING_VERSION = 1.0;
				MODULE_VERIFIER_SUPPORTED_LANGUAGES = "objective-c objective-c++";
				MODULE_VERIFIER_SUPPORTED_LANGUAGE_STANDARDS = "gnu17 gnu++20";
				PRODUCT_BUNDLE_IDENTIFIER = com.essentialdeveloper.SalesmenModelFramework;
				PRODUCT_NAME = "$(TARGET_NAME:c99extidentifier)";
				SKIP_INSTALL = YES;
				SWIFT_EMIT_LOC_STRINGS = YES;
				SWIFT_VERSION = 5.0;
			};
			name = Release;
		};
		8C907D942AFE921400D9F9BC /* Debug */ = {
			isa = XCBuildConfiguration;
			buildSettings = {
				CODE_SIGN_STYLE = Automatic;
				CURRENT_PROJECT_VERSION = 1;
				DEVELOPMENT_TEAM = HH3JD7K438;
				GENERATE_INFOPLIST_FILE = YES;
				MARKETING_VERSION = 1.0;
				PRODUCT_BUNDLE_IDENTIFIER = com.essentialdeveloper.SalesmenModelFrameworkTests;
				PRODUCT_NAME = "$(TARGET_NAME)";
				SWIFT_EMIT_LOC_STRINGS = NO;
				SWIFT_VERSION = 5.0;
			};
			name = Debug;
		};
		8C907D952AFE921400D9F9BC /* Release */ = {
			isa = XCBuildConfiguration;
			buildSettings = {
				CODE_SIGN_STYLE = Automatic;
				CURRENT_PROJECT_VERSION = 1;
				DEVELOPMENT_TEAM = HH3JD7K438;
				GENERATE_INFOPLIST_FILE = YES;
				MARKETING_VERSION = 1.0;
				PRODUCT_BUNDLE_IDENTIFIER = com.essentialdeveloper.SalesmenModelFrameworkTests;
				PRODUCT_NAME = "$(TARGET_NAME)";
				SWIFT_EMIT_LOC_STRINGS = NO;
				SWIFT_VERSION = 5.0;
			};
			name = Release;
		};
/* End XCBuildConfiguration section */

/* Begin XCConfigurationList section */
		8C907D762AFE921300D9F9BC /* Build configuration list for PBXProject "SalesmenModelFramework" */ = {
			isa = XCConfigurationList;
			buildConfigurations = (
				8C907D8E2AFE921400D9F9BC /* Debug */,
				8C907D8F2AFE921400D9F9BC /* Release */,
			);
			defaultConfigurationIsVisible = 0;
			defaultConfigurationName = Release;
		};
		8C907D902AFE921400D9F9BC /* Build configuration list for PBXNativeTarget "SalesmenModelFramework" */ = {
			isa = XCConfigurationList;
			buildConfigurations = (
				8C907D912AFE921400D9F9BC /* Debug */,
				8C907D922AFE921400D9F9BC /* Release */,
			);
			defaultConfigurationIsVisible = 0;
			defaultConfigurationName = Release;
		};
		8C907D932AFE921400D9F9BC /* Build configuration list for PBXNativeTarget "SalesmenModelFrameworkTests" */ = {
			isa = XCConfigurationList;
			buildConfigurations = (
				8C907D942AFE921400D9F9BC /* Debug */,
				8C907D952AFE921400D9F9BC /* Release */,
			);
			defaultConfigurationIsVisible = 0;
			defaultConfigurationName = Release;
		};
/* End XCConfigurationList section */
	};
	rootObject = 8C907D732AFE921300D9F9BC /* Project object */;
}
