// !$*UTF8*$!
{
	archiveVersion = 1;
	classes = {
	};
	objectVersion = 56;
	objects = {

/* Begin PBXBuildFile section */
		8CB5A01C2AF7A4BA002BAEF9 /* SalesmanApp.swift in Sources */ = {isa = PBXBuildFile; fileRef = 8CB5A01B2AF7A4BA002BAEF9 /* SalesmanApp.swift */; };
		8CB5A01E2AF7A4BA002BAEF9 /* ContentView.swift in Sources */ = {isa = PBXBuildFile; fileRef = 8CB5A01D2AF7A4BA002BAEF9 /* ContentView.swift */; };
		8CB5A0202AF7A4BB002BAEF9 /* Assets.xcassets in Resources */ = {isa = PBXBuildFile; fileRef = 8CB5A01F2AF7A4BB002BAEF9 /* Assets.xcassets */; };
		8CB5A0232AF7A4BB002BAEF9 /* Preview Assets.xcassets in Resources */ = {isa = PBXBuildFile; fileRef = 8CB5A0222AF7A4BB002BAEF9 /* Preview Assets.xcassets */; };
		8CB5A02D2AF7A4BB002BAEF9 /* SalesmanTests.swift in Sources */ = {isa = PBXBuildFile; fileRef = 8CB5A02C2AF7A4BB002BAEF9 /* SalesmanTests.swift */; };
		8CB5A0372AF7A4BB002BAEF9 /* SalesmanUITests.swift in Sources */ = {isa = PBXBuildFile; fileRef = 8CB5A0362AF7A4BB002BAEF9 /* SalesmanUITests.swift */; };
		8CB5A0392AF7A4BB002BAEF9 /* SalesmanUITestsLaunchTests.swift in Sources */ = {isa = PBXBuildFile; fileRef = 8CB5A0382AF7A4BB002BAEF9 /* SalesmanUITestsLaunchTests.swift */; };
		8CB5A0462AF7A78E002BAEF9 /* SalesmenStore.swift in Sources */ = {isa = PBXBuildFile; fileRef = 8CB5A0452AF7A78E002BAEF9 /* SalesmenStore.swift */; };
		8CB5A0472AF7A78E002BAEF9 /* SalesmenStore.swift in Sources */ = {isa = PBXBuildFile; fileRef = 8CB5A0452AF7A78E002BAEF9 /* SalesmenStore.swift */; };
		8CB5A04A2AF7B7C8002BAEF9 /* Salesman.swift in Sources */ = {isa = PBXBuildFile; fileRef = 8CB5A0492AF7B7C8002BAEF9 /* Salesman.swift */; };
		8CB5A04B2AF7B7C8002BAEF9 /* Salesman.swift in Sources */ = {isa = PBXBuildFile; fileRef = 8CB5A0492AF7B7C8002BAEF9 /* Salesman.swift */; };
		8CB5A04D2AF7B7F2002BAEF9 /* String+ExtensionPostcode.swift in Sources */ = {isa = PBXBuildFile; fileRef = 8CB5A04C2AF7B7F2002BAEF9 /* String+ExtensionPostcode.swift */; };
		8CB5A04E2AF7B7F2002BAEF9 /* String+ExtensionPostcode.swift in Sources */ = {isa = PBXBuildFile; fileRef = 8CB5A04C2AF7B7F2002BAEF9 /* String+ExtensionPostcode.swift */; };
		8CB5A0532AF7CFD4002BAEF9 /* PostcodeExpressionTests.swift in Sources */ = {isa = PBXBuildFile; fileRef = 8CB5A0522AF7CFD4002BAEF9 /* PostcodeExpressionTests.swift */; };
		8CB5A05E2AF7EB92002BAEF9 /* SalesmanListViewModel.swift in Sources */ = {isa = PBXBuildFile; fileRef = 8CB5A05D2AF7EB92002BAEF9 /* SalesmanListViewModel.swift */; };
		8CB5A05F2AF7EB92002BAEF9 /* SalesmanListViewModel.swift in Sources */ = {isa = PBXBuildFile; fileRef = 8CB5A05D2AF7EB92002BAEF9 /* SalesmanListViewModel.swift */; };
/* End PBXBuildFile section */

/* Begin PBXContainerItemProxy section */
		8CB5A0292AF7A4BB002BAEF9 /* PBXContainerItemProxy */ = {
			isa = PBXContainerItemProxy;
			containerPortal = 8CB5A0102AF7A4BA002BAEF9 /* Project object */;
			proxyType = 1;
			remoteGlobalIDString = 8CB5A0172AF7A4BA002BAEF9;
			remoteInfo = Salesman;
		};
		8CB5A0332AF7A4BB002BAEF9 /* PBXContainerItemProxy */ = {
			isa = PBXContainerItemProxy;
			containerPortal = 8CB5A0102AF7A4BA002BAEF9 /* Project object */;
			proxyType = 1;
			remoteGlobalIDString = 8CB5A0172AF7A4BA002BAEF9;
			remoteInfo = Salesman;
		};
/* End PBXContainerItemProxy section */

/* Begin PBXFileReference section */
		8CB5A0182AF7A4BA002BAEF9 /* Salesman.app */ = {isa = PBXFileReference; explicitFileType = wrapper.application; includeInIndex = 0; path = Salesman.app; sourceTree = BUILT_PRODUCTS_DIR; };
		8CB5A01B2AF7A4BA002BAEF9 /* SalesmanApp.swift */ = {isa = PBXFileReference; lastKnownFileType = sourcecode.swift; path = SalesmanApp.swift; sourceTree = "<group>"; };
		8CB5A01D2AF7A4BA002BAEF9 /* ContentView.swift */ = {isa = PBXFileReference; lastKnownFileType = sourcecode.swift; path = ContentView.swift; sourceTree = "<group>"; };
		8CB5A01F2AF7A4BB002BAEF9 /* Assets.xcassets */ = {isa = PBXFileReference; lastKnownFileType = folder.assetcatalog; path = Assets.xcassets; sourceTree = "<group>"; };
		8CB5A0222AF7A4BB002BAEF9 /* Preview Assets.xcassets */ = {isa = PBXFileReference; lastKnownFileType = folder.assetcatalog; path = "Preview Assets.xcassets"; sourceTree = "<group>"; };
		8CB5A0282AF7A4BB002BAEF9 /* SalesmanTests.xctest */ = {isa = PBXFileReference; explicitFileType = wrapper.cfbundle; includeInIndex = 0; path = SalesmanTests.xctest; sourceTree = BUILT_PRODUCTS_DIR; };
		8CB5A02C2AF7A4BB002BAEF9 /* SalesmanTests.swift */ = {isa = PBXFileReference; lastKnownFileType = sourcecode.swift; path = SalesmanTests.swift; sourceTree = "<group>"; };
		8CB5A0322AF7A4BB002BAEF9 /* SalesmanUITests.xctest */ = {isa = PBXFileReference; explicitFileType = wrapper.cfbundle; includeInIndex = 0; path = SalesmanUITests.xctest; sourceTree = BUILT_PRODUCTS_DIR; };
		8CB5A0362AF7A4BB002BAEF9 /* SalesmanUITests.swift */ = {isa = PBXFileReference; lastKnownFileType = sourcecode.swift; path = SalesmanUITests.swift; sourceTree = "<group>"; };
		8CB5A0382AF7A4BB002BAEF9 /* SalesmanUITestsLaunchTests.swift */ = {isa = PBXFileReference; lastKnownFileType = sourcecode.swift; path = SalesmanUITestsLaunchTests.swift; sourceTree = "<group>"; };
		8CB5A0452AF7A78E002BAEF9 /* SalesmenStore.swift */ = {isa = PBXFileReference; lastKnownFileType = sourcecode.swift; path = SalesmenStore.swift; sourceTree = "<group>"; };
		8CB5A0492AF7B7C8002BAEF9 /* Salesman.swift */ = {isa = PBXFileReference; lastKnownFileType = sourcecode.swift; path = Salesman.swift; sourceTree = "<group>"; };
		8CB5A04C2AF7B7F2002BAEF9 /* String+ExtensionPostcode.swift */ = {isa = PBXFileReference; lastKnownFileType = sourcecode.swift; path = "String+ExtensionPostcode.swift"; sourceTree = "<group>"; };
		8CB5A0522AF7CFD4002BAEF9 /* PostcodeExpressionTests.swift */ = {isa = PBXFileReference; lastKnownFileType = sourcecode.swift; path = PostcodeExpressionTests.swift; sourceTree = "<group>"; };
		8CB5A05D2AF7EB92002BAEF9 /* SalesmanListViewModel.swift */ = {isa = PBXFileReference; lastKnownFileType = sourcecode.swift; path = SalesmanListViewModel.swift; sourceTree = "<group>"; };
/* End PBXFileReference section */

/* Begin PBXFrameworksBuildPhase section */
		8CB5A0152AF7A4BA002BAEF9 /* Frameworks */ = {
			isa = PBXFrameworksBuildPhase;
			buildActionMask = 2147483647;
			files = (
			);
			runOnlyForDeploymentPostprocessing = 0;
		};
		8CB5A0252AF7A4BB002BAEF9 /* Frameworks */ = {
			isa = PBXFrameworksBuildPhase;
			buildActionMask = 2147483647;
			files = (
			);
			runOnlyForDeploymentPostprocessing = 0;
		};
		8CB5A02F2AF7A4BB002BAEF9 /* Frameworks */ = {
			isa = PBXFrameworksBuildPhase;
			buildActionMask = 2147483647;
			files = (
			);
			runOnlyForDeploymentPostprocessing = 0;
		};
/* End PBXFrameworksBuildPhase section */

/* Begin PBXGroup section */
		8CB5A00F2AF7A4BA002BAEF9 = {
			isa = PBXGroup;
			children = (
				8CB5A01A2AF7A4BA002BAEF9 /* Salesman */,
				8CB5A02B2AF7A4BB002BAEF9 /* SalesmanTests */,
				8CB5A0352AF7A4BB002BAEF9 /* SalesmanUITests */,
				8CB5A0192AF7A4BA002BAEF9 /* Products */,
			);
			sourceTree = "<group>";
		};
		8CB5A0192AF7A4BA002BAEF9 /* Products */ = {
			isa = PBXGroup;
			children = (
				8CB5A0182AF7A4BA002BAEF9 /* Salesman.app */,
				8CB5A0282AF7A4BB002BAEF9 /* SalesmanTests.xctest */,
				8CB5A0322AF7A4BB002BAEF9 /* SalesmanUITests.xctest */,
			);
			name = Products;
			sourceTree = "<group>";
		};
		8CB5A01A2AF7A4BA002BAEF9 /* Salesman */ = {
			isa = PBXGroup;
			children = (
				8CB5A01B2AF7A4BA002BAEF9 /* SalesmanApp.swift */,
				8CB5A0602AF7F8D1002BAEF9 /* Views */,
				8CB5A0592AF7D8D5002BAEF9 /* ViewModel */,
				8CB5A0482AF7AA14002BAEF9 /* Model */,
				8CB5A01F2AF7A4BB002BAEF9 /* Assets.xcassets */,
				8CB5A0212AF7A4BB002BAEF9 /* Preview Content */,
			);
			path = Salesman;
			sourceTree = "<group>";
		};
		8CB5A0212AF7A4BB002BAEF9 /* Preview Content */ = {
			isa = PBXGroup;
			children = (
				8CB5A0222AF7A4BB002BAEF9 /* Preview Assets.xcassets */,
			);
			path = "Preview Content";
			sourceTree = "<group>";
		};
		8CB5A02B2AF7A4BB002BAEF9 /* SalesmanTests */ = {
			isa = PBXGroup;
			children = (
				8CB5A02C2AF7A4BB002BAEF9 /* SalesmanTests.swift */,
				8CB5A0522AF7CFD4002BAEF9 /* PostcodeExpressionTests.swift */,
			);
			path = SalesmanTests;
			sourceTree = "<group>";
		};
		8CB5A0352AF7A4BB002BAEF9 /* SalesmanUITests */ = {
			isa = PBXGroup;
			children = (
				8CB5A0362AF7A4BB002BAEF9 /* SalesmanUITests.swift */,
				8CB5A0382AF7A4BB002BAEF9 /* SalesmanUITestsLaunchTests.swift */,
			);
			path = SalesmanUITests;
			sourceTree = "<group>";
		};
		8CB5A0482AF7AA14002BAEF9 /* Model */ = {
			isa = PBXGroup;
			children = (
				8CB5A0452AF7A78E002BAEF9 /* SalesmenStore.swift */,
				8CB5A0492AF7B7C8002BAEF9 /* Salesman.swift */,
				8CB5A04C2AF7B7F2002BAEF9 /* String+ExtensionPostcode.swift */,
			);
			path = Model;
			sourceTree = "<group>";
		};
		8CB5A0592AF7D8D5002BAEF9 /* ViewModel */ = {
			isa = PBXGroup;
			children = (
				8CB5A05D2AF7EB92002BAEF9 /* SalesmanListViewModel.swift */,
			);
			path = ViewModel;
			sourceTree = "<group>";
		};
		8CB5A0602AF7F8D1002BAEF9 /* Views */ = {
			isa = PBXGroup;
			children = (
				8CB5A01D2AF7A4BA002BAEF9 /* ContentView.swift */,
			);
			path = Views;
			sourceTree = "<group>";
		};
/* End PBXGroup section */

/* Begin PBXNativeTarget section */
		8CB5A0172AF7A4BA002BAEF9 /* Salesman */ = {
			isa = PBXNativeTarget;
			buildConfigurationList = 8CB5A03C2AF7A4BB002BAEF9 /* Build configuration list for PBXNativeTarget "Salesman" */;
			buildPhases = (
				8CB5A0142AF7A4BA002BAEF9 /* Sources */,
				8CB5A0152AF7A4BA002BAEF9 /* Frameworks */,
				8CB5A0162AF7A4BA002BAEF9 /* Resources */,
			);
			buildRules = (
			);
			dependencies = (
			);
			name = Salesman;
			productName = Salesman;
			productReference = 8CB5A0182AF7A4BA002BAEF9 /* Salesman.app */;
			productType = "com.apple.product-type.application";
		};
		8CB5A0272AF7A4BB002BAEF9 /* SalesmanTests */ = {
			isa = PBXNativeTarget;
			buildConfigurationList = 8CB5A03F2AF7A4BB002BAEF9 /* Build configuration list for PBXNativeTarget "SalesmanTests" */;
			buildPhases = (
				8CB5A0242AF7A4BB002BAEF9 /* Sources */,
				8CB5A0252AF7A4BB002BAEF9 /* Frameworks */,
				8CB5A0262AF7A4BB002BAEF9 /* Resources */,
			);
			buildRules = (
			);
			dependencies = (
				8CB5A02A2AF7A4BB002BAEF9 /* PBXTargetDependency */,
			);
			name = SalesmanTests;
			productName = SalesmanTests;
			productReference = 8CB5A0282AF7A4BB002BAEF9 /* SalesmanTests.xctest */;
			productType = "com.apple.product-type.bundle.unit-test";
		};
		8CB5A0312AF7A4BB002BAEF9 /* SalesmanUITests */ = {
			isa = PBXNativeTarget;
			buildConfigurationList = 8CB5A0422AF7A4BB002BAEF9 /* Build configuration list for PBXNativeTarget "SalesmanUITests" */;
			buildPhases = (
				8CB5A02E2AF7A4BB002BAEF9 /* Sources */,
				8CB5A02F2AF7A4BB002BAEF9 /* Frameworks */,
				8CB5A0302AF7A4BB002BAEF9 /* Resources */,
			);
			buildRules = (
			);
			dependencies = (
				8CB5A0342AF7A4BB002BAEF9 /* PBXTargetDependency */,
			);
			name = SalesmanUITests;
			productName = SalesmanUITests;
			productReference = 8CB5A0322AF7A4BB002BAEF9 /* SalesmanUITests.xctest */;
			productType = "com.apple.product-type.bundle.ui-testing";
		};
/* End PBXNativeTarget section */

/* Begin PBXProject section */
		8CB5A0102AF7A4BA002BAEF9 /* Project object */ = {
			isa = PBXProject;
			attributes = {
				BuildIndependentTargetsInParallel = 1;
				LastSwiftUpdateCheck = 1500;
				LastUpgradeCheck = 1500;
				TargetAttributes = {
					8CB5A0172AF7A4BA002BAEF9 = {
						CreatedOnToolsVersion = 15.0;
					};
					8CB5A0272AF7A4BB002BAEF9 = {
						CreatedOnToolsVersion = 15.0;
						TestTargetID = 8CB5A0172AF7A4BA002BAEF9;
					};
					8CB5A0312AF7A4BB002BAEF9 = {
						CreatedOnToolsVersion = 15.0;
						TestTargetID = 8CB5A0172AF7A4BA002BAEF9;
					};
				};
			};
			buildConfigurationList = 8CB5A0132AF7A4BA002BAEF9 /* Build configuration list for PBXProject "Salesman" */;
			compatibilityVersion = "Xcode 14.0";
			developmentRegion = en;
			hasScannedForEncodings = 0;
			knownRegions = (
				en,
				Base,
			);
			mainGroup = 8CB5A00F2AF7A4BA002BAEF9;
			productRefGroup = 8CB5A0192AF7A4BA002BAEF9 /* Products */;
			projectDirPath = "";
			projectRoot = "";
			targets = (
				8CB5A0172AF7A4BA002BAEF9 /* Salesman */,
				8CB5A0272AF7A4BB002BAEF9 /* SalesmanTests */,
				8CB5A0312AF7A4BB002BAEF9 /* SalesmanUITests */,
			);
		};
/* End PBXProject section */

/* Begin PBXResourcesBuildPhase section */
		8CB5A0162AF7A4BA002BAEF9 /* Resources */ = {
			isa = PBXResourcesBuildPhase;
			buildActionMask = 2147483647;
			files = (
				8CB5A0232AF7A4BB002BAEF9 /* Preview Assets.xcassets in Resources */,
				8CB5A0202AF7A4BB002BAEF9 /* Assets.xcassets in Resources */,
			);
			runOnlyForDeploymentPostprocessing = 0;
		};
		8CB5A0262AF7A4BB002BAEF9 /* Resources */ = {
			isa = PBXResourcesBuildPhase;
			buildActionMask = 2147483647;
			files = (
			);
			runOnlyForDeploymentPostprocessing = 0;
		};
		8CB5A0302AF7A4BB002BAEF9 /* Resources */ = {
			isa = PBXResourcesBuildPhase;
			buildActionMask = 2147483647;
			files = (
			);
			runOnlyForDeploymentPostprocessing = 0;
		};
/* End PBXResourcesBuildPhase section */

/* Begin PBXSourcesBuildPhase section */
		8CB5A0142AF7A4BA002BAEF9 /* Sources */ = {
			isa = PBXSourcesBuildPhase;
			buildActionMask = 2147483647;
			files = (
				8CB5A01E2AF7A4BA002BAEF9 /* ContentView.swift in Sources */,
				8CB5A04A2AF7B7C8002BAEF9 /* Salesman.swift in Sources */,
				8CB5A05E2AF7EB92002BAEF9 /* SalesmanListViewModel.swift in Sources */,
				8CB5A04D2AF7B7F2002BAEF9 /* String+ExtensionPostcode.swift in Sources */,
				8CB5A01C2AF7A4BA002BAEF9 /* SalesmanApp.swift in Sources */,
				8CB5A0462AF7A78E002BAEF9 /* SalesmenStore.swift in Sources */,
			);
			runOnlyForDeploymentPostprocessing = 0;
		};
		8CB5A0242AF7A4BB002BAEF9 /* Sources */ = {
			isa = PBXSourcesBuildPhase;
			buildActionMask = 2147483647;
			files = (
				8CB5A0532AF7CFD4002BAEF9 /* PostcodeExpressionTests.swift in Sources */,
				8CB5A04B2AF7B7C8002BAEF9 /* Salesman.swift in Sources */,
				8CB5A05F2AF7EB92002BAEF9 /* SalesmanListViewModel.swift in Sources */,
				8CB5A04E2AF7B7F2002BAEF9 /* String+ExtensionPostcode.swift in Sources */,
				8CB5A02D2AF7A4BB002BAEF9 /* SalesmanTests.swift in Sources */,
				8CB5A0472AF7A78E002BAEF9 /* SalesmenStore.swift in Sources */,
			);
			runOnlyForDeploymentPostprocessing = 0;
		};
/* End PBXSourcesBuildPhase section */

/* Begin PBXTargetDependency section */
		8CB5A02A2AF7A4BB002BAEF9 /* PBXTargetDependency */ = {
			isa = PBXTargetDependency;
			target = 8CB5A0172AF7A4BA002BAEF9 /* Salesman */;
			targetProxy = 8CB5A0292AF7A4BB002BAEF9 /* PBXContainerItemProxy */;
		};
		8CB5A0342AF7A4BB002BAEF9 /* PBXTargetDependency */ = {
			isa = PBXTargetDependency;
			target = 8CB5A0172AF7A4BA002BAEF9 /* Salesman */;
			targetProxy = 8CB5A0332AF7A4BB002BAEF9 /* PBXContainerItemProxy */;
		};
/* End PBXTargetDependency section */

/* Begin XCBuildConfiguration section */
		8CB5A03A2AF7A4BB002BAEF9 /* Debug */ = {
			isa = XCBuildConfiguration;
			buildSettings = {
				ALWAYS_SEARCH_USER_PATHS = NO;
				ASSETCATALOG_COMPILER_GENERATE_SWIFT_ASSET_SYMBOL_EXTENSIONS = YES;
				CLANG_ANALYZER_NONNULL = YES;
				CLANG_ANALYZER_NUMBER_OBJECT_CONVERSION = YES_AGGRESSIVE;
				CLANG_CXX_LANGUAGE_STANDARD = "gnu++20";
				CLANG_ENABLE_MODULES = YES;
				CLANG_ENABLE_OBJC_ARC = YES;
				CLANG_ENABLE_OBJC_WEAK = YES;
				CLANG_WARN_BLOCK_CAPTURE_AUTORELEASING = YES;
				CLANG_WARN_BOOL_CONVERSION = YES;
				CLANG_WARN_COMMA = YES;
				CLANG_WARN_CONSTANT_CONVERSION = YES;
				CLANG_WARN_DEPRECATED_OBJC_IMPLEMENTATIONS = YES;
				CLANG_WARN_DIRECT_OBJC_ISA_USAGE = YES_ERROR;
				CLANG_WARN_DOCUMENTATION_COMMENTS = YES;
				CLANG_WARN_EMPTY_BODY = YES;
				CLANG_WARN_ENUM_CONVERSION = YES;
				CLANG_WARN_INFINITE_RECURSION = YES;
				CLANG_WARN_INT_CONVERSION = YES;
				CLANG_WARN_NON_LITERAL_NULL_CONVERSION = YES;
				CLANG_WARN_OBJC_IMPLICIT_RETAIN_SELF = YES;
				CLANG_WARN_OBJC_LITERAL_CONVERSION = YES;
				CLANG_WARN_OBJC_ROOT_CLASS = YES_ERROR;
				CLANG_WARN_QUOTED_INCLUDE_IN_FRAMEWORK_HEADER = YES;
				CLANG_WARN_RANGE_LOOP_ANALYSIS = YES;
				CLANG_WARN_STRICT_PROTOTYPES = YES;
				CLANG_WARN_SUSPICIOUS_MOVE = YES;
				CLANG_WARN_UNGUARDED_AVAILABILITY = YES_AGGRESSIVE;
				CLANG_WARN_UNREACHABLE_CODE = YES;
				CLANG_WARN__DUPLICATE_METHOD_MATCH = YES;
				COPY_PHASE_STRIP = NO;
				DEBUG_INFORMATION_FORMAT = dwarf;
				ENABLE_STRICT_OBJC_MSGSEND = YES;
				ENABLE_TESTABILITY = YES;
				ENABLE_USER_SCRIPT_SANDBOXING = YES;
				GCC_C_LANGUAGE_STANDARD = gnu17;
				GCC_DYNAMIC_NO_PIC = NO;
				GCC_NO_COMMON_BLOCKS = YES;
				GCC_OPTIMIZATION_LEVEL = 0;
				GCC_PREPROCESSOR_DEFINITIONS = (
					"DEBUG=1",
					"$(inherited)",
				);
				GCC_WARN_64_TO_32_BIT_CONVERSION = YES;
				GCC_WARN_ABOUT_RETURN_TYPE = YES_ERROR;
				GCC_WARN_UNDECLARED_SELECTOR = YES;
				GCC_WARN_UNINITIALIZED_AUTOS = YES_AGGRESSIVE;
				GCC_WARN_UNUSED_FUNCTION = YES;
				GCC_WARN_UNUSED_VARIABLE = YES;
				IPHONEOS_DEPLOYMENT_TARGET = 17.0;
				LOCALIZATION_PREFERS_STRING_CATALOGS = YES;
				MTL_ENABLE_DEBUG_INFO = INCLUDE_SOURCE;
				MTL_FAST_MATH = YES;
				ONLY_ACTIVE_ARCH = YES;
				SDKROOT = iphoneos;
				SWIFT_ACTIVE_COMPILATION_CONDITIONS = "DEBUG $(inherited)";
				SWIFT_OPTIMIZATION_LEVEL = "-Onone";
			};
			name = Debug;
		};
		8CB5A03B2AF7A4BB002BAEF9 /* Release */ = {
			isa = XCBuildConfiguration;
			buildSettings = {
				ALWAYS_SEARCH_USER_PATHS = NO;
				ASSETCATALOG_COMPILER_GENERATE_SWIFT_ASSET_SYMBOL_EXTENSIONS = YES;
				CLANG_ANALYZER_NONNULL = YES;
				CLANG_ANALYZER_NUMBER_OBJECT_CONVERSION = YES_AGGRESSIVE;
				CLANG_CXX_LANGUAGE_STANDARD = "gnu++20";
				CLANG_ENABLE_MODULES = YES;
				CLANG_ENABLE_OBJC_ARC = YES;
				CLANG_ENABLE_OBJC_WEAK = YES;
				CLANG_WARN_BLOCK_CAPTURE_AUTORELEASING = YES;
				CLANG_WARN_BOOL_CONVERSION = YES;
				CLANG_WARN_COMMA = YES;
				CLANG_WARN_CONSTANT_CONVERSION = YES;
				CLANG_WARN_DEPRECATED_OBJC_IMPLEMENTATIONS = YES;
				CLANG_WARN_DIRECT_OBJC_ISA_USAGE = YES_ERROR;
				CLANG_WARN_DOCUMENTATION_COMMENTS = YES;
				CLANG_WARN_EMPTY_BODY = YES;
				CLANG_WARN_ENUM_CONVERSION = YES;
				CLANG_WARN_INFINITE_RECURSION = YES;
				CLANG_WARN_INT_CONVERSION = YES;
				CLANG_WARN_NON_LITERAL_NULL_CONVERSION = YES;
				CLANG_WARN_OBJC_IMPLICIT_RETAIN_SELF = YES;
				CLANG_WARN_OBJC_LITERAL_CONVERSION = YES;
				CLANG_WARN_OBJC_ROOT_CLASS = YES_ERROR;
				CLANG_WARN_QUOTED_INCLUDE_IN_FRAMEWORK_HEADER = YES;
				CLANG_WARN_RANGE_LOOP_ANALYSIS = YES;
				CLANG_WARN_STRICT_PROTOTYPES = YES;
				CLANG_WARN_SUSPICIOUS_MOVE = YES;
				CLANG_WARN_UNGUARDED_AVAILABILITY = YES_AGGRESSIVE;
				CLANG_WARN_UNREACHABLE_CODE = YES;
				CLANG_WARN__DUPLICATE_METHOD_MATCH = YES;
				COPY_PHASE_STRIP = NO;
				DEBUG_INFORMATION_FORMAT = "dwarf-with-dsym";
				ENABLE_NS_ASSERTIONS = NO;
				ENABLE_STRICT_OBJC_MSGSEND = YES;
				ENABLE_USER_SCRIPT_SANDBOXING = YES;
				GCC_C_LANGUAGE_STANDARD = gnu17;
				GCC_NO_COMMON_BLOCKS = YES;
				GCC_WARN_64_TO_32_BIT_CONVERSION = YES;
				GCC_WARN_ABOUT_RETURN_TYPE = YES_ERROR;
				GCC_WARN_UNDECLARED_SELECTOR = YES;
				GCC_WARN_UNINITIALIZED_AUTOS = YES_AGGRESSIVE;
				GCC_WARN_UNUSED_FUNCTION = YES;
				GCC_WARN_UNUSED_VARIABLE = YES;
				IPHONEOS_DEPLOYMENT_TARGET = 17.0;
				LOCALIZATION_PREFERS_STRING_CATALOGS = YES;
				MTL_ENABLE_DEBUG_INFO = NO;
				MTL_FAST_MATH = YES;
				SDKROOT = iphoneos;
				SWIFT_COMPILATION_MODE = wholemodule;
				VALIDATE_PRODUCT = YES;
			};
			name = Release;
		};
		8CB5A03D2AF7A4BB002BAEF9 /* Debug */ = {
			isa = XCBuildConfiguration;
			buildSettings = {
				ASSETCATALOG_COMPILER_APPICON_NAME = AppIcon;
				ASSETCATALOG_COMPILER_GLOBAL_ACCENT_COLOR_NAME = AccentColor;
				CODE_SIGN_STYLE = Automatic;
				CURRENT_PROJECT_VERSION = 1;
				DEVELOPMENT_ASSET_PATHS = "\"Salesman/Preview Content\"";
				DEVELOPMENT_TEAM = HH3JD7K438;
				ENABLE_PREVIEWS = YES;
				GENERATE_INFOPLIST_FILE = YES;
				INFOPLIST_KEY_UIApplicationSceneManifest_Generation = YES;
				INFOPLIST_KEY_UIApplicationSupportsIndirectInputEvents = YES;
				INFOPLIST_KEY_UILaunchScreen_Generation = YES;
				INFOPLIST_KEY_UISupportedInterfaceOrientations_iPad = "UIInterfaceOrientationPortrait UIInterfaceOrientationPortraitUpsideDown UIInterfaceOrientationLandscapeLeft UIInterfaceOrientationLandscapeRight";
				INFOPLIST_KEY_UISupportedInterfaceOrientations_iPhone = "UIInterfaceOrientationPortrait UIInterfaceOrientationLandscapeLeft UIInterfaceOrientationLandscapeRight";
				LD_RUNPATH_SEARCH_PATHS = (
					"$(inherited)",
					"@executable_path/Frameworks",
				);
				MARKETING_VERSION = 1.0;
				PRODUCT_BUNDLE_IDENTIFIER = com.essentialdeveloper.Salesman;
				PRODUCT_NAME = "$(TARGET_NAME)";
				SWIFT_EMIT_LOC_STRINGS = YES;
				SWIFT_VERSION = 5.0;
				TARGETED_DEVICE_FAMILY = "1,2";
			};
			name = Debug;
		};
		8CB5A03E2AF7A4BB002BAEF9 /* Release */ = {
			isa = XCBuildConfiguration;
			buildSettings = {
				ASSETCATALOG_COMPILER_APPICON_NAME = AppIcon;
				ASSETCATALOG_COMPILER_GLOBAL_ACCENT_COLOR_NAME = AccentColor;
				CODE_SIGN_STYLE = Automatic;
				CURRENT_PROJECT_VERSION = 1;
				DEVELOPMENT_ASSET_PATHS = "\"Salesman/Preview Content\"";
				DEVELOPMENT_TEAM = HH3JD7K438;
				ENABLE_PREVIEWS = YES;
				GENERATE_INFOPLIST_FILE = YES;
				INFOPLIST_KEY_UIApplicationSceneManifest_Generation = YES;
				INFOPLIST_KEY_UIApplicationSupportsIndirectInputEvents = YES;
				INFOPLIST_KEY_UILaunchScreen_Generation = YES;
				INFOPLIST_KEY_UISupportedInterfaceOrientations_iPad = "UIInterfaceOrientationPortrait UIInterfaceOrientationPortraitUpsideDown UIInterfaceOrientationLandscapeLeft UIInterfaceOrientationLandscapeRight";
				INFOPLIST_KEY_UISupportedInterfaceOrientations_iPhone = "UIInterfaceOrientationPortrait UIInterfaceOrientationLandscapeLeft UIInterfaceOrientationLandscapeRight";
				LD_RUNPATH_SEARCH_PATHS = (
					"$(inherited)",
					"@executable_path/Frameworks",
				);
				MARKETING_VERSION = 1.0;
				PRODUCT_BUNDLE_IDENTIFIER = com.essentialdeveloper.Salesman;
				PRODUCT_NAME = "$(TARGET_NAME)";
				SWIFT_EMIT_LOC_STRINGS = YES;
				SWIFT_VERSION = 5.0;
				TARGETED_DEVICE_FAMILY = "1,2";
			};
			name = Release;
		};
		8CB5A0402AF7A4BB002BAEF9 /* Debug */ = {
			isa = XCBuildConfiguration;
			buildSettings = {
				ALWAYS_EMBED_SWIFT_STANDARD_LIBRARIES = YES;
				BUNDLE_LOADER = "$(TEST_HOST)";
				CODE_SIGN_STYLE = Automatic;
				CURRENT_PROJECT_VERSION = 1;
				DEVELOPMENT_TEAM = HH3JD7K438;
				GENERATE_INFOPLIST_FILE = YES;
				IPHONEOS_DEPLOYMENT_TARGET = 17.0;
				MARKETING_VERSION = 1.0;
				PRODUCT_BUNDLE_IDENTIFIER = com.essentialdeveloper.SalesmanTests;
				PRODUCT_NAME = "$(TARGET_NAME)";
				SWIFT_EMIT_LOC_STRINGS = NO;
				SWIFT_VERSION = 5.0;
				TARGETED_DEVICE_FAMILY = "1,2";
				TEST_HOST = "$(BUILT_PRODUCTS_DIR)/Salesman.app/$(BUNDLE_EXECUTABLE_FOLDER_PATH)/Salesman";
			};
			name = Debug;
		};
		8CB5A0412AF7A4BB002BAEF9 /* Release */ = {
			isa = XCBuildConfiguration;
			buildSettings = {
				ALWAYS_EMBED_SWIFT_STANDARD_LIBRARIES = YES;
				BUNDLE_LOADER = "$(TEST_HOST)";
				CODE_SIGN_STYLE = Automatic;
				CURRENT_PROJECT_VERSION = 1;
				DEVELOPMENT_TEAM = HH3JD7K438;
				GENERATE_INFOPLIST_FILE = YES;
				IPHONEOS_DEPLOYMENT_TARGET = 17.0;
				MARKETING_VERSION = 1.0;
				PRODUCT_BUNDLE_IDENTIFIER = com.essentialdeveloper.SalesmanTests;
				PRODUCT_NAME = "$(TARGET_NAME)";
				SWIFT_EMIT_LOC_STRINGS = NO;
				SWIFT_VERSION = 5.0;
				TARGETED_DEVICE_FAMILY = "1,2";
				TEST_HOST = "$(BUILT_PRODUCTS_DIR)/Salesman.app/$(BUNDLE_EXECUTABLE_FOLDER_PATH)/Salesman";
			};
			name = Release;
		};
		8CB5A0432AF7A4BB002BAEF9 /* Debug */ = {
			isa = XCBuildConfiguration;
			buildSettings = {
				ALWAYS_EMBED_SWIFT_STANDARD_LIBRARIES = YES;
				CODE_SIGN_STYLE = Automatic;
				CURRENT_PROJECT_VERSION = 1;
				DEVELOPMENT_TEAM = HH3JD7K438;
				GENERATE_INFOPLIST_FILE = YES;
				MARKETING_VERSION = 1.0;
				PRODUCT_BUNDLE_IDENTIFIER = com.essentialdeveloper.SalesmanUITests;
				PRODUCT_NAME = "$(TARGET_NAME)";
				SWIFT_EMIT_LOC_STRINGS = NO;
				SWIFT_VERSION = 5.0;
				TARGETED_DEVICE_FAMILY = "1,2";
				TEST_TARGET_NAME = Salesman;
			};
			name = Debug;
		};
		8CB5A0442AF7A4BB002BAEF9 /* Release */ = {
			isa = XCBuildConfiguration;
			buildSettings = {
				ALWAYS_EMBED_SWIFT_STANDARD_LIBRARIES = YES;
				CODE_SIGN_STYLE = Automatic;
				CURRENT_PROJECT_VERSION = 1;
				DEVELOPMENT_TEAM = HH3JD7K438;
				GENERATE_INFOPLIST_FILE = YES;
				MARKETING_VERSION = 1.0;
				PRODUCT_BUNDLE_IDENTIFIER = com.essentialdeveloper.SalesmanUITests;
				PRODUCT_NAME = "$(TARGET_NAME)";
				SWIFT_EMIT_LOC_STRINGS = NO;
				SWIFT_VERSION = 5.0;
				TARGETED_DEVICE_FAMILY = "1,2";
				TEST_TARGET_NAME = Salesman;
			};
			name = Release;
		};
/* End XCBuildConfiguration section */

/* Begin XCConfigurationList section */
		8CB5A0132AF7A4BA002BAEF9 /* Build configuration list for PBXProject "Salesman" */ = {
			isa = XCConfigurationList;
			buildConfigurations = (
				8CB5A03A2AF7A4BB002BAEF9 /* Debug */,
				8CB5A03B2AF7A4BB002BAEF9 /* Release */,
			);
			defaultConfigurationIsVisible = 0;
			defaultConfigurationName = Release;
		};
		8CB5A03C2AF7A4BB002BAEF9 /* Build configuration list for PBXNativeTarget "Salesman" */ = {
			isa = XCConfigurationList;
			buildConfigurations = (
				8CB5A03D2AF7A4BB002BAEF9 /* Debug */,
				8CB5A03E2AF7A4BB002BAEF9 /* Release */,
			);
			defaultConfigurationIsVisible = 0;
			defaultConfigurationName = Release;
		};
		8CB5A03F2AF7A4BB002BAEF9 /* Build configuration list for PBXNativeTarget "SalesmanTests" */ = {
			isa = XCConfigurationList;
			buildConfigurations = (
				8CB5A0402AF7A4BB002BAEF9 /* Debug */,
				8CB5A0412AF7A4BB002BAEF9 /* Release */,
			);
			defaultConfigurationIsVisible = 0;
			defaultConfigurationName = Release;
		};
		8CB5A0422AF7A4BB002BAEF9 /* Build configuration list for PBXNativeTarget "SalesmanUITests" */ = {
			isa = XCConfigurationList;
			buildConfigurations = (
				8CB5A0432AF7A4BB002BAEF9 /* Debug */,
				8CB5A0442AF7A4BB002BAEF9 /* Release */,
			);
			defaultConfigurationIsVisible = 0;
			defaultConfigurationName = Release;
		};
/* End XCConfigurationList section */
	};
	rootObject = 8CB5A0102AF7A4BA002BAEF9 /* Project object */;
}
